<?xml version="1.0" encoding="utf-8"?>
<Project ToolsVersion="4.0" xmlns="http://schemas.microsoft.com/developer/msbuild/2003">
  <ItemGroup>
    <ClCompile Include="Dataconfig.cpp" />
    <ClCompile Include="SimulationController.cpp" />
    <ClCompile Include="GroundModule.cpp" />
    <ClCompile Include="HeatPumpModule.cpp" />
    <ClCompile Include="SolarModule.cpp" />
    <ClCompile Include="main.cpp" />
    <ClCompile Include="Utils.cpp" />
    <ClCompile Include="Logger.cpp" />
    <ClCompile Include="LoadModel.cpp" />
    <ClCompile Include="Optimizer.cpp" />
  </ItemGroup>
  <ItemGroup>
    <ClInclude Include="DataConfig.h" />
    <ClInclude Include="Logger.h" />
    <ClInclude Include="SimulationController.h" />
    <ClInclude Include="HeatPumpModule.h" />
    <ClInclude Include="GroundModule.h" />
    <ClInclude Include="Utils.h" />
    <ClInclude Include="LoadModel.h" />
    <ClInclude Include="TankModule.h" />
    <ClInclude Include="SolarModule.h" />
    <ClInclude Include="Optimizer.h" />
  </ItemGroup>
</Project>
